// !$*UTF8*$!
{
	archiveVersion = 1;
	classes = {
	};
	objectVersion = 50;
	objects = {

/* Begin PBXBuildFile section */
		DA45A012252E734A0047BBDE /* CameraFeed.swift in Sources */ = {isa = PBXBuildFile; fileRef = DA45A011252E734A0047BBDE /* CameraFeed.swift */; };
		DA45A016252E75700047BBDE /* CameraFeedView.swift in Sources */ = {isa = PBXBuildFile; fileRef = DA45A015252E75700047BBDE /* CameraFeedView.swift */; };
		DA9D57B3252FA62000C463B0 /* Face.swift in Sources */ = {isa = PBXBuildFile; fileRef = DA9D57B2252FA62000C463B0 /* Face.swift */; };
		DAE11410252E5ECF005DA660 /* MasqueradeApp.swift in Sources */ = {isa = PBXBuildFile; fileRef = DAE1140F252E5ECF005DA660 /* MasqueradeApp.swift */; };
		DAE11412252E5ECF005DA660 /* ContentView.swift in Sources */ = {isa = PBXBuildFile; fileRef = DAE11411252E5ECF005DA660 /* ContentView.swift */; };
		DAE11414252E5ED0005DA660 /* Assets.xcassets in Resources */ = {isa = PBXBuildFile; fileRef = DAE11413252E5ED0005DA660 /* Assets.xcassets */; };
		DAE11417252E5ED0005DA660 /* Preview Assets.xcassets in Resources */ = {isa = PBXBuildFile; fileRef = DAE11416252E5ED0005DA660 /* Preview Assets.xcassets */; };
/* End PBXBuildFile section */

/* Begin PBXFileReference section */
		DA45A011252E734A0047BBDE /* CameraFeed.swift */ = {isa = PBXFileReference; lastKnownFileType = sourcecode.swift; path = CameraFeed.swift; sourceTree = "<group>"; };
		DA45A015252E75700047BBDE /* CameraFeedView.swift */ = {isa = PBXFileReference; lastKnownFileType = sourcecode.swift; path = CameraFeedView.swift; sourceTree = "<group>"; };
		DA9D57B2252FA62000C463B0 /* Face.swift */ = {isa = PBXFileReference; lastKnownFileType = sourcecode.swift; path = Face.swift; sourceTree = SOURCE_ROOT; };
		DAE1140C252E5ECF005DA660 /* Masquerade.app */ = {isa = PBXFileReference; explicitFileType = wrapper.application; includeInIndex = 0; path = Masquerade.app; sourceTree = BUILT_PRODUCTS_DIR; };
		DAE1140F252E5ECF005DA660 /* MasqueradeApp.swift */ = {isa = PBXFileReference; lastKnownFileType = sourcecode.swift; path = MasqueradeApp.swift; sourceTree = "<group>"; };
		DAE11411252E5ECF005DA660 /* ContentView.swift */ = {isa = PBXFileReference; lastKnownFileType = sourcecode.swift; path = ContentView.swift; sourceTree = "<group>"; };
		DAE11413252E5ED0005DA660 /* Assets.xcassets */ = {isa = PBXFileReference; lastKnownFileType = folder.assetcatalog; path = Assets.xcassets; sourceTree = "<group>"; };
		DAE11416252E5ED0005DA660 /* Preview Assets.xcassets */ = {isa = PBXFileReference; lastKnownFileType = folder.assetcatalog; path = "Preview Assets.xcassets"; sourceTree = "<group>"; };
		DAE11418252E5ED0005DA660 /* Info.plist */ = {isa = PBXFileReference; lastKnownFileType = text.plist.xml; path = Info.plist; sourceTree = "<group>"; };
/* End PBXFileReference section */

/* Begin PBXFrameworksBuildPhase section */
		DAE11409252E5ECF005DA660 /* Frameworks */ = {
			isa = PBXFrameworksBuildPhase;
			buildActionMask = 2147483647;
			files = (
			);
			runOnlyForDeploymentPostprocessing = 0;
		};
/* End PBXFrameworksBuildPhase section */

/* Begin PBXGroup section */
		DAE11403252E5ECF005DA660 = {
			isa = PBXGroup;
			children = (
				DAE1140E252E5ECF005DA660 /* Masquerade */,
				DAE1140D252E5ECF005DA660 /* Products */,
			);
			sourceTree = "<group>";
		};
		DAE1140D252E5ECF005DA660 /* Products */ = {
			isa = PBXGroup;
			children = (
				DAE1140C252E5ECF005DA660 /* Masquerade.app */,
			);
			name = Products;
			sourceTree = "<group>";
		};
		DAE1140E252E5ECF005DA660 /* Masquerade */ = {
			isa = PBXGroup;
			children = (
				DA9D57B2252FA62000C463B0 /* Face.swift */,
				DAE1140F252E5ECF005DA660 /* MasqueradeApp.swift */,
				DAE11411252E5ECF005DA660 /* ContentView.swift */,
				DA45A011252E734A0047BBDE /* CameraFeed.swift */,
				DA45A015252E75700047BBDE /* CameraFeedView.swift */,
				DAE11413252E5ED0005DA660 /* Assets.xcassets */,
				DAE11418252E5ED0005DA660 /* Info.plist */,
				DAE11415252E5ED0005DA660 /* Preview Content */,
			);
			path = Masquerade;
			sourceTree = "<group>";
		};
		DAE11415252E5ED0005DA660 /* Preview Content */ = {
			isa = PBXGroup;
			children = (
				DAE11416252E5ED0005DA660 /* Preview Assets.xcassets */,
			);
			path = "Preview Content";
			sourceTree = "<group>";
		};
/* End PBXGroup section */

/* Begin PBXNativeTarget section */
		DAE1140B252E5ECF005DA660 /* Masquerade */ = {
			isa = PBXNativeTarget;
			buildConfigurationList = DAE1141B252E5ED0005DA660 /* Build configuration list for PBXNativeTarget "Masquerade" */;
			buildPhases = (
				DAE11408252E5ECF005DA660 /* Sources */,
				DAE11409252E5ECF005DA660 /* Frameworks */,
				DAE1140A252E5ECF005DA660 /* Resources */,
			);
			buildRules = (
			);
			dependencies = (
			);
			name = Masquerade;
			productName = Masquerade;
			productReference = DAE1140C252E5ECF005DA660 /* Masquerade.app */;
			productType = "com.apple.product-type.application";
		};
/* End PBXNativeTarget section */

/* Begin PBXProject section */
		DAE11404252E5ECF005DA660 /* Project object */ = {
			isa = PBXProject;
			attributes = {
				LastSwiftUpdateCheck = 1200;
				LastUpgradeCheck = 1200;
				TargetAttributes = {
					DAE1140B252E5ECF005DA660 = {
						CreatedOnToolsVersion = 12.0.1;
					};
				};
			};
			buildConfigurationList = DAE11407252E5ECF005DA660 /* Build configuration list for PBXProject "Masquerade" */;
			compatibilityVersion = "Xcode 9.3";
			developmentRegion = en;
			hasScannedForEncodings = 0;
			knownRegions = (
				en,
				Base,
			);
			mainGroup = DAE11403252E5ECF005DA660;
			productRefGroup = DAE1140D252E5ECF005DA660 /* Products */;
			projectDirPath = "";
			projectRoot = "";
			targets = (
				DAE1140B252E5ECF005DA660 /* Masquerade */,
			);
		};
/* End PBXProject section */

/* Begin PBXResourcesBuildPhase section */
		DAE1140A252E5ECF005DA660 /* Resources */ = {
			isa = PBXResourcesBuildPhase;
			buildActionMask = 2147483647;
			files = (
				DAE11417252E5ED0005DA660 /* Preview Assets.xcassets in Resources */,
				DAE11414252E5ED0005DA660 /* Assets.xcassets in Resources */,
			);
			runOnlyForDeploymentPostprocessing = 0;
		};
/* End PBXResourcesBuildPhase section */

/* Begin PBXSourcesBuildPhase section */
		DAE11408252E5ECF005DA660 /* Sources */ = {
			isa = PBXSourcesBuildPhase;
			buildActionMask = 2147483647;
			files = (
				DA9D57B3252FA62000C463B0 /* Face.swift in Sources */,
				DA45A012252E734A0047BBDE /* CameraFeed.swift in Sources */,
				DAE11412252E5ECF005DA660 /* ContentView.swift in Sources */,
				DAE11410252E5ECF005DA660 /* MasqueradeApp.swift in Sources */,
				DA45A016252E75700047BBDE /* CameraFeedView.swift in Sources */,
			);
			runOnlyForDeploymentPostprocessing = 0;
		};
/* End PBXSourcesBuildPhase section */

/* Begin XCBuildConfiguration section */
		DAE11419252E5ED0005DA660 /* Debug */ = {
			isa = XCBuildConfiguration;
			buildSettings = {
				ALWAYS_SEARCH_USER_PATHS = NO;
				CLANG_ANALYZER_NONNULL = YES;
				CLANG_ANALYZER_NUMBER_OBJECT_CONVERSION = YES_AGGRESSIVE;
				CLANG_CXX_LANGUAGE_STANDARD = "gnu++14";
				CLANG_CXX_LIBRARY = "libc++";
				CLANG_ENABLE_MODULES = YES;
				CLANG_ENABLE_OBJC_ARC = YES;
				CLANG_ENABLE_OBJC_WEAK = YES;
				CLANG_WARN_BLOCK_CAPTURE_AUTORELEASING = YES;
				CLANG_WARN_BOOL_CONVERSION = YES;
				CLANG_WARN_COMMA = YES;
				CLANG_WARN_CONSTANT_CONVERSION = YES;
				CLANG_WARN_DEPRECATED_OBJC_IMPLEMENTATIONS = YES;
				CLANG_WARN_DIRECT_OBJC_ISA_USAGE = YES_ERROR;
				CLANG_WARN_DOCUMENTATION_COMMENTS = YES;
				CLANG_WARN_EMPTY_BODY = YES;
				CLANG_WARN_ENUM_CONVERSION = YES;
				CLANG_WARN_INFINITE_RECURSION = YES;
				CLANG_WARN_INT_CONVERSION = YES;
				CLANG_WARN_NON_LITERAL_NULL_CONVERSION = YES;
				CLANG_WARN_OBJC_IMPLICIT_RETAIN_SELF = YES;
				CLANG_WARN_OBJC_LITERAL_CONVERSION = YES;
				CLANG_WARN_OBJC_ROOT_CLASS = YES_ERROR;
				CLANG_WARN_QUOTED_INCLUDE_IN_FRAMEWORK_HEADER = YES;
				CLANG_WARN_RANGE_LOOP_ANALYSIS = YES;
				CLANG_WARN_STRICT_PROTOTYPES = YES;
				CLANG_WARN_SUSPICIOUS_MOVE = YES;
				CLANG_WARN_UNGUARDED_AVAILABILITY = YES_AGGRESSIVE;
				CLANG_WARN_UNREACHABLE_CODE = YES;
				CLANG_WARN__DUPLICATE_METHOD_MATCH = YES;
				COPY_PHASE_STRIP = NO;
				DEBUG_INFORMATION_FORMAT = dwarf;
				ENABLE_STRICT_OBJC_MSGSEND = YES;
				ENABLE_TESTABILITY = YES;
				GCC_C_LANGUAGE_STANDARD = gnu11;
				GCC_DYNAMIC_NO_PIC = NO;
				GCC_NO_COMMON_BLOCKS = YES;
				GCC_OPTIMIZATION_LEVEL = 0;
				GCC_PREPROCESSOR_DEFINITIONS = (
					"DEBUG=1",
					"$(inherited)",
				);
				GCC_WARN_64_TO_32_BIT_CONVERSION = YES;
				GCC_WARN_ABOUT_RETURN_TYPE = YES_ERROR;
				GCC_WARN_UNDECLARED_SELECTOR = YES;
				GCC_WARN_UNINITIALIZED_AUTOS = YES_AGGRESSIVE;
				GCC_WARN_UNUSED_FUNCTION = YES;
				GCC_WARN_UNUSED_VARIABLE = YES;
				IPHONEOS_DEPLOYMENT_TARGET = 14.0;
				MTL_ENABLE_DEBUG_INFO = INCLUDE_SOURCE;
				MTL_FAST_MATH = YES;
				ONLY_ACTIVE_ARCH = YES;
				SDKROOT = iphoneos;
				SWIFT_ACTIVE_COMPILATION_CONDITIONS = DEBUG;
				SWIFT_OPTIMIZATION_LEVEL = "-Onone";
			};
			name = Debug;
		};
		DAE1141A252E5ED0005DA660 /* Release */ = {
			isa = XCBuildConfiguration;
			buildSettings = {
				ALWAYS_SEARCH_USER_PATHS = NO;
				CLANG_ANALYZER_NONNULL = YES;
				CLANG_ANALYZER_NUMBER_OBJECT_CONVERSION = YES_AGGRESSIVE;
				CLANG_CXX_LANGUAGE_STANDARD = "gnu++14";
				CLANG_CXX_LIBRARY = "libc++";
				CLANG_ENABLE_MODULES = YES;
				CLANG_ENABLE_OBJC_ARC = YES;
				CLANG_ENABLE_OBJC_WEAK = YES;
				CLANG_WARN_BLOCK_CAPTURE_AUTORELEASING = YES;
				CLANG_WARN_BOOL_CONVERSION = YES;
				CLANG_WARN_COMMA = YES;
				CLANG_WARN_CONSTANT_CONVERSION = YES;
				CLANG_WARN_DEPRECATED_OBJC_IMPLEMENTATIONS = YES;
				CLANG_WARN_DIRECT_OBJC_ISA_USAGE = YES_ERROR;
				CLANG_WARN_DOCUMENTATION_COMMENTS = YES;
				CLANG_WARN_EMPTY_BODY = YES;
				CLANG_WARN_ENUM_CONVERSION = YES;
				CLANG_WARN_INFINITE_RECURSION = YES;
				CLANG_WARN_INT_CONVERSION = YES;
				CLANG_WARN_NON_LITERAL_NULL_CONVERSION = YES;
				CLANG_WARN_OBJC_IMPLICIT_RETAIN_SELF = YES;
				CLANG_WARN_OBJC_LITERAL_CONVERSION = YES;
				CLANG_WARN_OBJC_ROOT_CLASS = YES_ERROR;
				CLANG_WARN_QUOTED_INCLUDE_IN_FRAMEWORK_HEADER = YES;
				CLANG_WARN_RANGE_LOOP_ANALYSIS = YES;
				CLANG_WARN_STRICT_PROTOTYPES = YES;
				CLANG_WARN_SUSPICIOUS_MOVE = YES;
				CLANG_WARN_UNGUARDED_AVAILABILITY = YES_AGGRESSIVE;
				CLANG_WARN_UNREACHABLE_CODE = YES;
				CLANG_WARN__DUPLICATE_METHOD_MATCH = YES;
				COPY_PHASE_STRIP = NO;
				DEBUG_INFORMATION_FORMAT = "dwarf-with-dsym";
				ENABLE_NS_ASSERTIONS = NO;
				ENABLE_STRICT_OBJC_MSGSEND = YES;
				GCC_C_LANGUAGE_STANDARD = gnu11;
				GCC_NO_COMMON_BLOCKS = YES;
				GCC_WARN_64_TO_32_BIT_CONVERSION = YES;
				GCC_WARN_ABOUT_RETURN_TYPE = YES_ERROR;
				GCC_WARN_UNDECLARED_SELECTOR = YES;
				GCC_WARN_UNINITIALIZED_AUTOS = YES_AGGRESSIVE;
				GCC_WARN_UNUSED_FUNCTION = YES;
				GCC_WARN_UNUSED_VARIABLE = YES;
				IPHONEOS_DEPLOYMENT_TARGET = 14.0;
				MTL_ENABLE_DEBUG_INFO = NO;
				MTL_FAST_MATH = YES;
				SDKROOT = iphoneos;
				SWIFT_COMPILATION_MODE = wholemodule;
				SWIFT_OPTIMIZATION_LEVEL = "-O";
				VALIDATE_PRODUCT = YES;
			};
			name = Release;
		};
		DAE1141C252E5ED0005DA660 /* Debug */ = {
			isa = XCBuildConfiguration;
			buildSettings = {
				ASSETCATALOG_COMPILER_APPICON_NAME = AppIcon;
				ASSETCATALOG_COMPILER_GLOBAL_ACCENT_COLOR_NAME = AccentColor;
				CODE_SIGN_STYLE = Automatic;
				DEVELOPMENT_ASSET_PATHS = "\"Masquerade/Preview Content\"";
				DEVELOPMENT_TEAM = KH3G9PXA68;
				ENABLE_PREVIEWS = YES;
				INFOPLIST_FILE = Masquerade/Info.plist;
				IPHONEOS_DEPLOYMENT_TARGET = 14.0;
				LD_RUNPATH_SEARCH_PATHS = (
					"$(inherited)",
					"@executable_path/Frameworks",
				);
				PRODUCT_BUNDLE_IDENTIFIER = carlynorama.Masquerade;
				PRODUCT_NAME = "$(TARGET_NAME)";
				SWIFT_VERSION = 5.0;
				TARGETED_DEVICE_FAMILY = "1,2";
			};
			name = Debug;
		};
		DAE1141D252E5ED0005DA660 /* Release */ = {
			isa = XCBuildConfiguration;
			buildSettings = {
				ASSETCATALOG_COMPILER_APPICON_NAME = AppIcon;
				ASSETCATALOG_COMPILER_GLOBAL_ACCENT_COLOR_NAME = AccentColor;
				CODE_SIGN_STYLE = Automatic;
				DEVELOPMENT_ASSET_PATHS = "\"Masquerade/Preview Content\"";
				DEVELOPMENT_TEAM = KH3G9PXA68;
				ENABLE_PREVIEWS = YES;
				INFOPLIST_FILE = Masquerade/Info.plist;
				IPHONEOS_DEPLOYMENT_TARGET = 14.0;
				LD_RUNPATH_SEARCH_PATHS = (
					"$(inherited)",
					"@executable_path/Frameworks",
				);
				PRODUCT_BUNDLE_IDENTIFIER = carlynorama.Masquerade;
				PRODUCT_NAME = "$(TARGET_NAME)";
				SWIFT_VERSION = 5.0;
				TARGETED_DEVICE_FAMILY = "1,2";
			};
			name = Release;
		};
/* End XCBuildConfiguration section */

/* Begin XCConfigurationList section */
		DAE11407252E5ECF005DA660 /* Build configuration list for PBXProject "Masquerade" */ = {
			isa = XCConfigurationList;
			buildConfigurations = (
				DAE11419252E5ED0005DA660 /* Debug */,
				DAE1141A252E5ED0005DA660 /* Release */,
			);
			defaultConfigurationIsVisible = 0;
			defaultConfigurationName = Release;
		};
		DAE1141B252E5ED0005DA660 /* Build configuration list for PBXNativeTarget "Masquerade" */ = {
			isa = XCConfigurationList;
			buildConfigurations = (
				DAE1141C252E5ED0005DA660 /* Debug */,
				DAE1141D252E5ED0005DA660 /* Release */,
			);
			defaultConfigurationIsVisible = 0;
			defaultConfigurationName = Release;
		};
/* End XCConfigurationList section */
	};
	rootObject = DAE11404252E5ECF005DA660 /* Project object */;
}
